{
  "name": "ehome",
  "lockfileVersion": 3,
  "requires": true,
  "packages": {
    "": {
      "dependencies": {
        "@inottn/miniquest": "^0.0.7"
      }
    },
    "node_modules/@inottn/fp-utils": {
      "version": "0.4.3",
      "resolved": "https://registry.npmjs.org/@inottn/fp-utils/-/fp-utils-0.4.3.tgz",
      "integrity": "sha512-9vMvUYXIskF7Jp2oigWD4pOXcmyCH4eAhZPmJF2ijTyIA9ar0qtHMxd/iaK0lDCmoRpfxqYxG2fCF7ZgD31v1Q=="
    },
    "node_modules/@inottn/miniquest": {
      "version": "0.0.7",
      "resolved": "https://registry.npmjs.org/@inottn/miniquest/-/miniquest-0.0.7.tgz",
      "integrity": "sha512-N1Dhe/dV4URqh2zpyxEQyivrl/WzAaI30l2w8ejNyb/iHija2s8WEAeDCuyIhUCYGXN4yHEYSAQmwGUaB7Xgrw==",
      "dependencies": {
        "@inottn/fp-utils": "^0.4.3"
      }
    }
  }
}
